
Microsoft Visual Studio Solution File, Format Version 12.00
# Visual Studio Version 16
VisualStudioVersion = 16.0.32228.343
MinimumVisualStudioVersion = 10.0.40219.1
Project("{FAE04EC0-301F-11D3-BF4B-00C04F79EFBC}") = "Assessment_BackEnd", "Assessment_BackEnd\Assessment_BackEnd.csproj", "{44735AA3-0E9B-42B7-8299-B0208898E75C}"
EndProject
Global
	GlobalSection(SolutionConfigurationPlatforms) = preSolution
		Debug|Any CPU = Debug|Any CPU
		Release|Any CPU = Release|Any CPU
	EndGlobalSection
	GlobalSection(ProjectConfigurationPlatforms) = postSolution
		{44735AA3-0E9B-42B7-8299-B0208898E75C}.Debug|Any CPU.ActiveCfg = Debug|Any CPU
		{44735AA3-0E9B-42B7-8299-B0208898E75C}.Debug|Any CPU.Build.0 = Debug|Any CPU
		{44735AA3-0E9B-42B7-8299-B0208898E75C}.Release|Any CPU.ActiveCfg = Release|Any CPU
		{44735AA3-0E9B-42B7-8299-B0208898E75C}.Release|Any CPU.Build.0 = Release|Any CPU
	EndGlobalSection
	GlobalSection(SolutionProperties) = preSolution
		HideSolutionNode = FALSE
	EndGlobalSection
	GlobalSection(ExtensibilityGlobals) = postSolution
		SolutionGuid = {C5A2C396-AF38-4D5B-9FF2-E652FAA5A402}
	EndGlobalSection
EndGlobal
